// !$*UTF8*$!
{
	archiveVersion = 1;
	classes = {
	};
	objectVersion = 46;
	objects = {

/* Begin PBXBuildFile section */
		1F059F701EC32F8C000162C1 /* Attraction.strings in Resources */ = {isa = PBXBuildFile; fileRef = 1F059F721EC32F8C000162C1 /* Attraction.strings */; };
		1F13D0A01ED01C0000121C80 /* CustomPlanVC.swift in Sources */ = {isa = PBXBuildFile; fileRef = 1F13D09F1ED01C0000121C80 /* CustomPlanVC.swift */; };
		1F1536301EB34ADF00831646 /* AttractionBriefCell.swift in Sources */ = {isa = PBXBuildFile; fileRef = 1F15362F1EB34ADF00831646 /* AttractionBriefCell.swift */; };
		1F1691A61F09F2F200433416 /* MapCells.swift in Sources */ = {isa = PBXBuildFile; fileRef = 1F1691A51F09F2C700433416 /* MapCells.swift */; };
		1F1691A91F09F33100433416 /* Map.strings in Resources */ = {isa = PBXBuildFile; fileRef = 1F1691AB1F09F33100433416 /* Map.strings */; };
		1F18EB6F1EC6CFFF00FCB523 /* WaittimeChart.swift in Sources */ = {isa = PBXBuildFile; fileRef = 1F18EB6E1EC6CFFF00FCB523 /* WaittimeChart.swift */; };
		1F1AAA831ED53E9A00FB867B /* CustomPlan.strings in Resources */ = {isa = PBXBuildFile; fileRef = 1F1AAA851ED53E9A00FB867B /* CustomPlan.strings */; };
		1F1AAA8B1ED5643800FB867B /* RxExtension.swift in Sources */ = {isa = PBXBuildFile; fileRef = 1F1AAA8A1ED5643800FB867B /* RxExtension.swift */; };
		1F24BE961ED81A2600E37727 /* CustomPlanCategoryVC.swift in Sources */ = {isa = PBXBuildFile; fileRef = 1F24BE951ED81A2600E37727 /* CustomPlanCategoryVC.swift */; };
		1F24BE981ED820E300E37727 /* CustomPlanModels.swift in Sources */ = {isa = PBXBuildFile; fileRef = 1F24BE971ED820E300E37727 /* CustomPlanModels.swift */; };
		1F24BEA91ED82EF900E37727 /* CustomPlanCategoryCells.swift in Sources */ = {isa = PBXBuildFile; fileRef = 1F24BEA81ED82EF900E37727 /* CustomPlanCategoryCells.swift */; };
		1F24C3F51EAF360A00953463 /* Main.strings in Resources */ = {isa = PBXBuildFile; fileRef = 1F24C3F71EAF360A00953463 /* Main.strings */; };
		1F25EFE31ED57B1F001A8470 /* CustomPlanMenu.swift in Sources */ = {isa = PBXBuildFile; fileRef = 1F25EFE21ED57B1F001A8470 /* CustomPlanMenu.swift */; };
		1F266CCA1EFCDEF100FDA5CC /* SettingTagVC.swift in Sources */ = {isa = PBXBuildFile; fileRef = 1F266CC91EFCDEF100FDA5CC /* SettingTagVC.swift */; };
		1F266CCC1EFCF5B200FDA5CC /* SettingParkVC.swift in Sources */ = {isa = PBXBuildFile; fileRef = 1F266CCB1EFCF5B200FDA5CC /* SettingParkVC.swift */; };
		1F43F7AD1EC433E4009D0104 /* AttractionDetailVC.swift in Sources */ = {isa = PBXBuildFile; fileRef = 1F43F7AC1EC433E4009D0104 /* AttractionDetailVC.swift */; };
		1F43F7AF1EC47253009D0104 /* AttractionDetailCell.swift in Sources */ = {isa = PBXBuildFile; fileRef = 1F43F7AE1EC47253009D0104 /* AttractionDetailCell.swift */; };
		1F46F5E01F06423900ABF913 /* SpecifiedPlan.swift in Sources */ = {isa = PBXBuildFile; fileRef = 1F46F5DF1F06423900ABF913 /* SpecifiedPlan.swift */; };
		1F4F73961F0344380009F4C1 /* PhotoSaveAssistant.swift in Sources */ = {isa = PBXBuildFile; fileRef = 1F4F73951F0344380009F4C1 /* PhotoSaveAssistant.swift */; };
		1F53FB621F00BBD700871F5B /* SettingDateCells.swift in Sources */ = {isa = PBXBuildFile; fileRef = 1F53FB611F00BBD700871F5B /* SettingDateCells.swift */; };
		1F5913411EFA70C0004F2FCD /* Setting.strings in Resources */ = {isa = PBXBuildFile; fileRef = 1F5913431EFA70C0004F2FCD /* Setting.strings */; };
		1F5BADCF1EF77D810074467A /* CustomPlanAttractionsOfCategoryVC.swift in Sources */ = {isa = PBXBuildFile; fileRef = 1F5BADCE1EF77D810074467A /* CustomPlanAttractionsOfCategoryVC.swift */; };
		1F6559501EC16C7A005BC235 /* AttractionModels.swift in Sources */ = {isa = PBXBuildFile; fileRef = 1F65594F1EC16C7A005BC235 /* AttractionModels.swift */; };
		1F6559521EC1CB4E005BC235 /* VisitorTagModels.swift in Sources */ = {isa = PBXBuildFile; fileRef = 1F6559511EC1CB4E005BC235 /* VisitorTagModels.swift */; };
		1F6D1A001EB0AC0800A9C70F /* Convienence.swift in Sources */ = {isa = PBXBuildFile; fileRef = 1F6D19FF1EB0AC0800A9C70F /* Convienence.swift */; };
		1F6D1A021EB0BBFC00A9C70F /* Localize.swift in Sources */ = {isa = PBXBuildFile; fileRef = 1F6D1A011EB0BBFC00A9C70F /* Localize.swift */; };
		1F6D69A91EDBCBF300BEF4C2 /* CustomPlanAttractionsOfTagVC.swift in Sources */ = {isa = PBXBuildFile; fileRef = 1F6D69A81EDBCBF300BEF4C2 /* CustomPlanAttractionsOfTagVC.swift */; };
		1F6D69AB1EDC052B00BEF4C2 /* CustomPlanAttractionsOfTagCells.swift in Sources */ = {isa = PBXBuildFile; fileRef = 1F6D69AA1EDC052B00BEF4C2 /* CustomPlanAttractionsOfTagCells.swift */; };
		1F7634401EB07FE100509B38 /* BaseModel.swift in Sources */ = {isa = PBXBuildFile; fileRef = 1F76343F1EB07FE100509B38 /* BaseModel.swift */; };
		1F7DFB791ECACA1C004FA058 /* Homepage.strings in Resources */ = {isa = PBXBuildFile; fileRef = 1F7DFB7B1ECACA1C004FA058 /* Homepage.strings */; };
		1F7DFB801ECAE4CD004FA058 /* SettingCell.swift in Sources */ = {isa = PBXBuildFile; fileRef = 1F7DFB7F1ECAE4CD004FA058 /* SettingCell.swift */; };
		1F7DFB821ECAEFE9004FA058 /* HomepageModels.swift in Sources */ = {isa = PBXBuildFile; fileRef = 1F7DFB811ECAEFE9004FA058 /* HomepageModels.swift */; };
		1F7DFB841ECAF7C9004FA058 /* HomepageCells.swift in Sources */ = {isa = PBXBuildFile; fileRef = 1F7DFB831ECAF7C9004FA058 /* HomepageCells.swift */; };
		1F7DFB861ECB2014004FA058 /* HomepageDetailVC.swift in Sources */ = {isa = PBXBuildFile; fileRef = 1F7DFB851ECB2014004FA058 /* HomepageDetailVC.swift */; };
		1F7DFB881ECB258A004FA058 /* HomepageDetailCells.swift in Sources */ = {isa = PBXBuildFile; fileRef = 1F7DFB871ECB258A004FA058 /* HomepageDetailCells.swift */; };
		1F80EACD1EF3D20A002A8197 /* CustomPlanAttractionsOfGradeModel.swift in Sources */ = {isa = PBXBuildFile; fileRef = 1F80EACC1EF3D20A002A8197 /* CustomPlanAttractionsOfGradeModel.swift */; };
		1F836EDF1EE57D170019640E /* CustomPlanCell.swift in Sources */ = {isa = PBXBuildFile; fileRef = 1F836EDE1EE57D170019640E /* CustomPlanCell.swift */; };
		1F8444A61EEE9C9C008364FE /* CustomPlan.swift in Sources */ = {isa = PBXBuildFile; fileRef = 1F8444A51EEE9C9C008364FE /* CustomPlan.swift */; };
		1F89C29B1F00B59B00421FC0 /* SettingDateVC.swift in Sources */ = {isa = PBXBuildFile; fileRef = 1F89C29A1F00B59B00421FC0 /* SettingDateVC.swift */; };
		1F8E2C9E1EF37A36004B439D /* CustomPlanAttractionsOfGradeVC.swift in Sources */ = {isa = PBXBuildFile; fileRef = 1F8E2C9D1EF37A36004B439D /* CustomPlanAttractionsOfGradeVC.swift */; };
		1F90DD0C1EB036DB004463B9 /* Network.swift in Sources */ = {isa = PBXBuildFile; fileRef = 1F90DD0B1EB036DB004463B9 /* Network.swift */; };
		1F90DD0E1EB04919004463B9 /* API.swift in Sources */ = {isa = PBXBuildFile; fileRef = 1F90DD0D1EB04919004463B9 /* API.swift */; };
		1FA096B31EB1ED8600A26174 /* VisitparkPickVC.swift in Sources */ = {isa = PBXBuildFile; fileRef = 1FA096B21EB1ED8600A26174 /* VisitparkPickVC.swift */; };
		1FA096B61EB200D400A26174 /* VisitdatePickVC.swift in Sources */ = {isa = PBXBuildFile; fileRef = 1FA096B51EB200D400A26174 /* VisitdatePickVC.swift */; };
		1FA370B81EFE567E0002040B /* Preferences.swift in Sources */ = {isa = PBXBuildFile; fileRef = 1FA370B71EFE567E0002040B /* Preferences.swift */; };
		1FA4E6B11ECC263900FFC7DA /* MaskedImageView.swift in Sources */ = {isa = PBXBuildFile; fileRef = 1FA4E6B01ECC263900FFC7DA /* MaskedImageView.swift */; };
		1FA8112E1EADA8AA000A7F2D /* HomepageVC.swift in Sources */ = {isa = PBXBuildFile; fileRef = 1FA8112D1EADA8AA000A7F2D /* HomepageVC.swift */; };
		1FA811301EADA8BC000A7F2D /* Main.swift in Sources */ = {isa = PBXBuildFile; fileRef = 1FA8112F1EADA8BC000A7F2D /* Main.swift */; };
		1FA811341EADE1C2000A7F2D /* VisitorTagVC.swift in Sources */ = {isa = PBXBuildFile; fileRef = 1FA811331EADE1C2000A7F2D /* VisitorTagVC.swift */; };
		1FA811361EADFE5C000A7F2D /* VisitorTagCell.swift in Sources */ = {isa = PBXBuildFile; fileRef = 1FA811351EADFE5C000A7F2D /* VisitorTagCell.swift */; };
		1FAA019B1EF3884400B8FA7D /* CustomPlanAttractionsOfGradeCell.swift in Sources */ = {isa = PBXBuildFile; fileRef = 1FAA019A1EF3884400B8FA7D /* CustomPlanAttractionsOfGradeCell.swift */; };
		1FAA873C1F01238C00478E7D /* ImageBrowserController.swift in Sources */ = {isa = PBXBuildFile; fileRef = 1FAA873B1F01238C00478E7D /* ImageBrowserController.swift */; };
		1FC93F941EFA1F6D00FEB2F9 /* DefaultStyle.swift in Sources */ = {isa = PBXBuildFile; fileRef = 1FC93F931EFA1F6D00FEB2F9 /* DefaultStyle.swift */; };
		1FCA03531F0B2675002D5336 /* MapAlertController.swift in Sources */ = {isa = PBXBuildFile; fileRef = 1FCA03521F0B2675002D5336 /* MapAlertController.swift */; };
		1FCA03551F0B2C67002D5336 /* SettingFastpass.swift in Sources */ = {isa = PBXBuildFile; fileRef = 1FCA03541F0B2C67002D5336 /* SettingFastpass.swift */; };
		1FD1CF4C1ECD8C6B004A72B7 /* LaunchScreen.swift in Sources */ = {isa = PBXBuildFile; fileRef = 1FD1CF4B1ECD8C6B004A72B7 /* LaunchScreen.swift */; };
		1FDF06C31EEE3CC1003B7580 /* DisneyModel.xcdatamodeld in Sources */ = {isa = PBXBuildFile; fileRef = 1FDF06C11EEE3CC1003B7580 /* DisneyModel.xcdatamodeld */; };
		1FDF06C51EEE3D26003B7580 /* DataManager.swift in Sources */ = {isa = PBXBuildFile; fileRef = 1FDF06C41EEE3D26003B7580 /* DataManager.swift */; };
		1FF1C4DE1EAEF03C005A87A9 /* VisitorTag.strings in Resources */ = {isa = PBXBuildFile; fileRef = 1FF1C4E01EAEF03C005A87A9 /* VisitorTag.strings */; };
		1FF1C4E91EAF2C25005A87A9 /* SettingVC.swift in Sources */ = {isa = PBXBuildFile; fileRef = 1FF1C4E81EAF2C25005A87A9 /* SettingVC.swift */; };
		1FF1C4EB1EAF2C4B005A87A9 /* MapVC.swift in Sources */ = {isa = PBXBuildFile; fileRef = 1FF1C4EA1EAF2C4B005A87A9 /* MapVC.swift */; };
		1FF1C4ED1EAF2C5E005A87A9 /* AttractionVC.swift in Sources */ = {isa = PBXBuildFile; fileRef = 1FF1C4EC1EAF2C5E005A87A9 /* AttractionVC.swift */; };
		1FF6CDF21EF12A8400367802 /* CustomPlanAttractionsOfAreaVC.swift in Sources */ = {isa = PBXBuildFile; fileRef = 1FF6CDF11EF12A8400367802 /* CustomPlanAttractionsOfAreaVC.swift */; };
		1FF6CDF41EF1316D00367802 /* CustomPlanAttractionsOfAreaModel.swift in Sources */ = {isa = PBXBuildFile; fileRef = 1FF6CDF31EF1316D00367802 /* CustomPlanAttractionsOfAreaModel.swift */; };
		1FF6CDF61EF1488400367802 /* CustomPlanAttractionsOfAreaCells.swift in Sources */ = {isa = PBXBuildFile; fileRef = 1FF6CDF51EF1488400367802 /* CustomPlanAttractionsOfAreaCells.swift */; };
		D0340C5F1EA98A1000BD8428 /* DisneyTests.swift in Sources */ = {isa = PBXBuildFile; fileRef = D0340C5E1EA98A1000BD8428 /* DisneyTests.swift */; };
		D0340C6F1EA98B7200BD8428 /* AppDelegate.swift in Sources */ = {isa = PBXBuildFile; fileRef = D0340C6E1EA98B7200BD8428 /* AppDelegate.swift */; };
		D0340C791EA98E2200BD8428 /* Assets.xcassets in Resources */ = {isa = PBXBuildFile; fileRef = D0340C781EA98E2200BD8428 /* Assets.xcassets */; };
		D0340C8A1EA98E4F00BD8428 /* LaunchScreen.storyboard in Resources */ = {isa = PBXBuildFile; fileRef = D0340C7D1EA98E4F00BD8428 /* LaunchScreen.storyboard */; };
/* End PBXBuildFile section */

/* Begin PBXContainerItemProxy section */
		D0340C5B1EA98A1000BD8428 /* PBXContainerItemProxy */ = {
			isa = PBXContainerItemProxy;
			containerPortal = D0340C3E1EA98A0F00BD8428 /* Project object */;
			proxyType = 1;
			remoteGlobalIDString = D0340C451EA98A0F00BD8428;
			remoteInfo = disney;
		};
/* End PBXContainerItemProxy section */

/* Begin PBXFileReference section */
		1F059F731EC32F90000162C1 /* zh-Hans */ = {isa = PBXFileReference; lastKnownFileType = text.plist.strings; name = "zh-Hans"; path = "zh-Hans.lproj/Attraction.strings"; sourceTree = "<group>"; };
		1F059F741EC32F92000162C1 /* zh-Hant */ = {isa = PBXFileReference; lastKnownFileType = text.plist.strings; name = "zh-Hant"; path = "zh-Hant.lproj/Attraction.strings"; sourceTree = "<group>"; };
		1F059F751EC32F92000162C1 /* ja */ = {isa = PBXFileReference; lastKnownFileType = text.plist.strings; name = ja; path = ja.lproj/Attraction.strings; sourceTree = "<group>"; };
		1F13D09F1ED01C0000121C80 /* CustomPlanVC.swift */ = {isa = PBXFileReference; fileEncoding = 4; lastKnownFileType = sourcecode.swift; path = CustomPlanVC.swift; sourceTree = "<group>"; };
		1F15362F1EB34ADF00831646 /* AttractionBriefCell.swift */ = {isa = PBXFileReference; fileEncoding = 4; lastKnownFileType = sourcecode.swift; path = AttractionBriefCell.swift; sourceTree = "<group>"; };
		1F1691A51F09F2C700433416 /* MapCells.swift */ = {isa = PBXFileReference; lastKnownFileType = sourcecode.swift; path = MapCells.swift; sourceTree = "<group>"; };
		1F1691AA1F09F33100433416 /* en */ = {isa = PBXFileReference; lastKnownFileType = text.plist.strings; name = en; path = en.lproj/Map.strings; sourceTree = "<group>"; };
		1F1691AC1F09F33300433416 /* zh-Hans */ = {isa = PBXFileReference; lastKnownFileType = text.plist.strings; name = "zh-Hans"; path = "zh-Hans.lproj/Map.strings"; sourceTree = "<group>"; };
		1F1691AD1F09F33400433416 /* zh-Hant */ = {isa = PBXFileReference; lastKnownFileType = text.plist.strings; name = "zh-Hant"; path = "zh-Hant.lproj/Map.strings"; sourceTree = "<group>"; };
		1F1691AE1F09F33500433416 /* ja */ = {isa = PBXFileReference; lastKnownFileType = text.plist.strings; name = ja; path = ja.lproj/Map.strings; sourceTree = "<group>"; };
		1F18EB6E1EC6CFFF00FCB523 /* WaittimeChart.swift */ = {isa = PBXFileReference; fileEncoding = 4; lastKnownFileType = sourcecode.swift; path = WaittimeChart.swift; sourceTree = "<group>"; };
		1F1AAA861ED53E9D00FB867B /* zh-Hans */ = {isa = PBXFileReference; lastKnownFileType = text.plist.strings; name = "zh-Hans"; path = "zh-Hans.lproj/CustomPlan.strings"; sourceTree = "<group>"; };
		1F1AAA871ED53E9E00FB867B /* zh-Hant */ = {isa = PBXFileReference; lastKnownFileType = text.plist.strings; name = "zh-Hant"; path = "zh-Hant.lproj/CustomPlan.strings"; sourceTree = "<group>"; };
		1F1AAA881ED53E9E00FB867B /* ja */ = {isa = PBXFileReference; lastKnownFileType = text.plist.strings; name = ja; path = ja.lproj/CustomPlan.strings; sourceTree = "<group>"; };
		1F1AAA8A1ED5643800FB867B /* RxExtension.swift */ = {isa = PBXFileReference; fileEncoding = 4; lastKnownFileType = sourcecode.swift; path = RxExtension.swift; sourceTree = "<group>"; };
		1F24BE951ED81A2600E37727 /* CustomPlanCategoryVC.swift */ = {isa = PBXFileReference; fileEncoding = 4; lastKnownFileType = sourcecode.swift; path = CustomPlanCategoryVC.swift; sourceTree = "<group>"; };
		1F24BE971ED820E300E37727 /* CustomPlanModels.swift */ = {isa = PBXFileReference; fileEncoding = 4; lastKnownFileType = sourcecode.swift; path = CustomPlanModels.swift; sourceTree = "<group>"; };
		1F24BEA81ED82EF900E37727 /* CustomPlanCategoryCells.swift */ = {isa = PBXFileReference; fileEncoding = 4; lastKnownFileType = sourcecode.swift; path = CustomPlanCategoryCells.swift; sourceTree = "<group>"; };
		1F24C3F81EAF360C00953463 /* zh-Hans */ = {isa = PBXFileReference; lastKnownFileType = text.plist.strings; name = "zh-Hans"; path = "zh-Hans.lproj/Main.strings"; sourceTree = "<group>"; };
		1F24C3F91EAF360C00953463 /* zh-Hant */ = {isa = PBXFileReference; lastKnownFileType = text.plist.strings; name = "zh-Hant"; path = "zh-Hant.lproj/Main.strings"; sourceTree = "<group>"; };
		1F24C3FA1EAF360D00953463 /* ja */ = {isa = PBXFileReference; lastKnownFileType = text.plist.strings; name = ja; path = ja.lproj/Main.strings; sourceTree = "<group>"; };
		1F25EFE21ED57B1F001A8470 /* CustomPlanMenu.swift */ = {isa = PBXFileReference; fileEncoding = 4; lastKnownFileType = sourcecode.swift; path = CustomPlanMenu.swift; sourceTree = "<group>"; };
		1F266CC91EFCDEF100FDA5CC /* SettingTagVC.swift */ = {isa = PBXFileReference; lastKnownFileType = sourcecode.swift; path = SettingTagVC.swift; sourceTree = "<group>"; };
		1F266CCB1EFCF5B200FDA5CC /* SettingParkVC.swift */ = {isa = PBXFileReference; lastKnownFileType = sourcecode.swift; path = SettingParkVC.swift; sourceTree = "<group>"; };
		1F43F7AC1EC433E4009D0104 /* AttractionDetailVC.swift */ = {isa = PBXFileReference; fileEncoding = 4; lastKnownFileType = sourcecode.swift; path = AttractionDetailVC.swift; sourceTree = "<group>"; };
		1F43F7AE1EC47253009D0104 /* AttractionDetailCell.swift */ = {isa = PBXFileReference; fileEncoding = 4; lastKnownFileType = sourcecode.swift; path = AttractionDetailCell.swift; sourceTree = "<group>"; };
		1F46F5DF1F06423900ABF913 /* SpecifiedPlan.swift */ = {isa = PBXFileReference; lastKnownFileType = sourcecode.swift; path = SpecifiedPlan.swift; sourceTree = "<group>"; };
		1F4F73951F0344380009F4C1 /* PhotoSaveAssistant.swift */ = {isa = PBXFileReference; lastKnownFileType = sourcecode.swift; path = PhotoSaveAssistant.swift; sourceTree = "<group>"; };
		1F53FB611F00BBD700871F5B /* SettingDateCells.swift */ = {isa = PBXFileReference; lastKnownFileType = sourcecode.swift; path = SettingDateCells.swift; sourceTree = "<group>"; };
		1F5913421EFA70C0004F2FCD /* zh-Hans */ = {isa = PBXFileReference; lastKnownFileType = text.plist.strings; name = "zh-Hans"; path = "zh-Hans.lproj/Setting.strings"; sourceTree = "<group>"; };
		1F5913441EFA70C3004F2FCD /* zh-Hant */ = {isa = PBXFileReference; lastKnownFileType = text.plist.strings; name = "zh-Hant"; path = "zh-Hant.lproj/Setting.strings"; sourceTree = "<group>"; };
		1F5913451EFA70C4004F2FCD /* ja */ = {isa = PBXFileReference; lastKnownFileType = text.plist.strings; name = ja; path = ja.lproj/Setting.strings; sourceTree = "<group>"; };
		1F5913461EFA7228004F2FCD /* en */ = {isa = PBXFileReference; lastKnownFileType = text.plist.strings; name = en; path = en.lproj/Setting.strings; sourceTree = "<group>"; };
		1F5913471EFA723A004F2FCD /* en */ = {isa = PBXFileReference; lastKnownFileType = text.plist.strings; name = en; path = en.lproj/CustomPlan.strings; sourceTree = "<group>"; };
		1F5913481EFA7240004F2FCD /* en */ = {isa = PBXFileReference; lastKnownFileType = text.plist.strings; name = en; path = en.lproj/Attraction.strings; sourceTree = "<group>"; };
		1F5913491EFB682E004F2FCD /* en */ = {isa = PBXFileReference; lastKnownFileType = text.plist.strings; name = en; path = en.lproj/Main.strings; sourceTree = "<group>"; };
		1F59134A1EFB6831004F2FCD /* en */ = {isa = PBXFileReference; lastKnownFileType = text.plist.strings; name = en; path = en.lproj/Homepage.strings; sourceTree = "<group>"; };
		1F59134B1EFB6833004F2FCD /* en */ = {isa = PBXFileReference; lastKnownFileType = text.plist.strings; name = en; path = en.lproj/VisitorTag.strings; sourceTree = "<group>"; };
		1F5BADCE1EF77D810074467A /* CustomPlanAttractionsOfCategoryVC.swift */ = {isa = PBXFileReference; lastKnownFileType = sourcecode.swift; path = CustomPlanAttractionsOfCategoryVC.swift; sourceTree = "<group>"; };
		1F65594F1EC16C7A005BC235 /* AttractionModels.swift */ = {isa = PBXFileReference; fileEncoding = 4; lastKnownFileType = sourcecode.swift; path = AttractionModels.swift; sourceTree = "<group>"; };
		1F6559511EC1CB4E005BC235 /* VisitorTagModels.swift */ = {isa = PBXFileReference; fileEncoding = 4; lastKnownFileType = sourcecode.swift; path = VisitorTagModels.swift; sourceTree = "<group>"; };
		1F6D19FF1EB0AC0800A9C70F /* Convienence.swift */ = {isa = PBXFileReference; fileEncoding = 4; lastKnownFileType = sourcecode.swift; path = Convienence.swift; sourceTree = "<group>"; };
		1F6D1A011EB0BBFC00A9C70F /* Localize.swift */ = {isa = PBXFileReference; fileEncoding = 4; lastKnownFileType = sourcecode.swift; path = Localize.swift; sourceTree = "<group>"; };
		1F6D69A81EDBCBF300BEF4C2 /* CustomPlanAttractionsOfTagVC.swift */ = {isa = PBXFileReference; fileEncoding = 4; lastKnownFileType = sourcecode.swift; path = CustomPlanAttractionsOfTagVC.swift; sourceTree = "<group>"; };
		1F6D69AA1EDC052B00BEF4C2 /* CustomPlanAttractionsOfTagCells.swift */ = {isa = PBXFileReference; fileEncoding = 4; lastKnownFileType = sourcecode.swift; path = CustomPlanAttractionsOfTagCells.swift; sourceTree = "<group>"; };
		1F76343F1EB07FE100509B38 /* BaseModel.swift */ = {isa = PBXFileReference; fileEncoding = 4; lastKnownFileType = sourcecode.swift; path = BaseModel.swift; sourceTree = "<group>"; };
		1F7DFB7C1ECACA1E004FA058 /* zh-Hans */ = {isa = PBXFileReference; lastKnownFileType = text.plist.strings; name = "zh-Hans"; path = "zh-Hans.lproj/Homepage.strings"; sourceTree = "<group>"; };
		1F7DFB7D1ECACA1E004FA058 /* zh-Hant */ = {isa = PBXFileReference; lastKnownFileType = text.plist.strings; name = "zh-Hant"; path = "zh-Hant.lproj/Homepage.strings"; sourceTree = "<group>"; };
		1F7DFB7E1ECACA1F004FA058 /* ja */ = {isa = PBXFileReference; lastKnownFileType = text.plist.strings; name = ja; path = ja.lproj/Homepage.strings; sourceTree = "<group>"; };
		1F7DFB7F1ECAE4CD004FA058 /* SettingCell.swift */ = {isa = PBXFileReference; fileEncoding = 4; lastKnownFileType = sourcecode.swift; path = SettingCell.swift; sourceTree = "<group>"; };
		1F7DFB811ECAEFE9004FA058 /* HomepageModels.swift */ = {isa = PBXFileReference; fileEncoding = 4; lastKnownFileType = sourcecode.swift; path = HomepageModels.swift; sourceTree = "<group>"; };
		1F7DFB831ECAF7C9004FA058 /* HomepageCells.swift */ = {isa = PBXFileReference; fileEncoding = 4; lastKnownFileType = sourcecode.swift; path = HomepageCells.swift; sourceTree = "<group>"; };
		1F7DFB851ECB2014004FA058 /* HomepageDetailVC.swift */ = {isa = PBXFileReference; fileEncoding = 4; lastKnownFileType = sourcecode.swift; path = HomepageDetailVC.swift; sourceTree = "<group>"; };
		1F7DFB871ECB258A004FA058 /* HomepageDetailCells.swift */ = {isa = PBXFileReference; fileEncoding = 4; lastKnownFileType = sourcecode.swift; path = HomepageDetailCells.swift; sourceTree = "<group>"; };
		1F80EACC1EF3D20A002A8197 /* CustomPlanAttractionsOfGradeModel.swift */ = {isa = PBXFileReference; lastKnownFileType = sourcecode.swift; path = CustomPlanAttractionsOfGradeModel.swift; sourceTree = "<group>"; };
		1F836EDE1EE57D170019640E /* CustomPlanCell.swift */ = {isa = PBXFileReference; fileEncoding = 4; lastKnownFileType = sourcecode.swift; path = CustomPlanCell.swift; sourceTree = "<group>"; };
		1F8444A51EEE9C9C008364FE /* CustomPlan.swift */ = {isa = PBXFileReference; lastKnownFileType = sourcecode.swift; path = CustomPlan.swift; sourceTree = "<group>"; };
		1F89C29A1F00B59B00421FC0 /* SettingDateVC.swift */ = {isa = PBXFileReference; lastKnownFileType = sourcecode.swift; path = SettingDateVC.swift; sourceTree = "<group>"; };
		1F8E2C9D1EF37A36004B439D /* CustomPlanAttractionsOfGradeVC.swift */ = {isa = PBXFileReference; lastKnownFileType = sourcecode.swift; path = CustomPlanAttractionsOfGradeVC.swift; sourceTree = "<group>"; };
		1F90DD0B1EB036DB004463B9 /* Network.swift */ = {isa = PBXFileReference; fileEncoding = 4; lastKnownFileType = sourcecode.swift; path = Network.swift; sourceTree = "<group>"; };
		1F90DD0D1EB04919004463B9 /* API.swift */ = {isa = PBXFileReference; fileEncoding = 4; lastKnownFileType = sourcecode.swift; path = API.swift; sourceTree = "<group>"; };
		1FA096B21EB1ED8600A26174 /* VisitparkPickVC.swift */ = {isa = PBXFileReference; fileEncoding = 4; lastKnownFileType = sourcecode.swift; path = VisitparkPickVC.swift; sourceTree = "<group>"; };
		1FA096B51EB200D400A26174 /* VisitdatePickVC.swift */ = {isa = PBXFileReference; fileEncoding = 4; lastKnownFileType = sourcecode.swift; path = VisitdatePickVC.swift; sourceTree = "<group>"; };
		1FA370B71EFE567E0002040B /* Preferences.swift */ = {isa = PBXFileReference; lastKnownFileType = sourcecode.swift; path = Preferences.swift; sourceTree = "<group>"; };
		1FA4E6B01ECC263900FFC7DA /* MaskedImageView.swift */ = {isa = PBXFileReference; fileEncoding = 4; lastKnownFileType = sourcecode.swift; path = MaskedImageView.swift; sourceTree = "<group>"; };
		1FA8112D1EADA8AA000A7F2D /* HomepageVC.swift */ = {isa = PBXFileReference; fileEncoding = 4; lastKnownFileType = sourcecode.swift; path = HomepageVC.swift; sourceTree = "<group>"; };
		1FA8112F1EADA8BC000A7F2D /* Main.swift */ = {isa = PBXFileReference; fileEncoding = 4; lastKnownFileType = sourcecode.swift; path = Main.swift; sourceTree = "<group>"; };
		1FA811331EADE1C2000A7F2D /* VisitorTagVC.swift */ = {isa = PBXFileReference; fileEncoding = 4; lastKnownFileType = sourcecode.swift; path = VisitorTagVC.swift; sourceTree = "<group>"; };
		1FA811351EADFE5C000A7F2D /* VisitorTagCell.swift */ = {isa = PBXFileReference; fileEncoding = 4; lastKnownFileType = sourcecode.swift; path = VisitorTagCell.swift; sourceTree = "<group>"; };
		1FAA019A1EF3884400B8FA7D /* CustomPlanAttractionsOfGradeCell.swift */ = {isa = PBXFileReference; lastKnownFileType = sourcecode.swift; path = CustomPlanAttractionsOfGradeCell.swift; sourceTree = "<group>"; };
		1FAA873B1F01238C00478E7D /* ImageBrowserController.swift */ = {isa = PBXFileReference; lastKnownFileType = sourcecode.swift; path = ImageBrowserController.swift; sourceTree = "<group>"; };
		1FC93F931EFA1F6D00FEB2F9 /* DefaultStyle.swift */ = {isa = PBXFileReference; lastKnownFileType = sourcecode.swift; path = DefaultStyle.swift; sourceTree = "<group>"; };
		1FCA03521F0B2675002D5336 /* MapAlertController.swift */ = {isa = PBXFileReference; lastKnownFileType = sourcecode.swift; path = MapAlertController.swift; sourceTree = "<group>"; };
		1FCA03541F0B2C67002D5336 /* SettingFastpass.swift */ = {isa = PBXFileReference; lastKnownFileType = sourcecode.swift; path = SettingFastpass.swift; sourceTree = "<group>"; };
		1FD1CF4B1ECD8C6B004A72B7 /* LaunchScreen.swift */ = {isa = PBXFileReference; fileEncoding = 4; lastKnownFileType = sourcecode.swift; path = LaunchScreen.swift; sourceTree = "<group>"; };
		1FDF06C21EEE3CC1003B7580 /* DisneyModel.xcdatamodel */ = {isa = PBXFileReference; lastKnownFileType = wrapper.xcdatamodel; path = DisneyModel.xcdatamodel; sourceTree = "<group>"; };
		1FDF06C41EEE3D26003B7580 /* DataManager.swift */ = {isa = PBXFileReference; lastKnownFileType = sourcecode.swift; path = DataManager.swift; sourceTree = "<group>"; };
		1FF1C4E11EAEF042005A87A9 /* zh-Hans */ = {isa = PBXFileReference; lastKnownFileType = text.plist.strings; name = "zh-Hans"; path = "zh-Hans.lproj/VisitorTag.strings"; sourceTree = "<group>"; };
		1FF1C4E21EAEF047005A87A9 /* zh-Hant */ = {isa = PBXFileReference; lastKnownFileType = text.plist.strings; name = "zh-Hant"; path = "zh-Hant.lproj/VisitorTag.strings"; sourceTree = "<group>"; };
		1FF1C4E31EAEF048005A87A9 /* ja */ = {isa = PBXFileReference; lastKnownFileType = text.plist.strings; name = ja; path = ja.lproj/VisitorTag.strings; sourceTree = "<group>"; };
		1FF1C4E81EAF2C25005A87A9 /* SettingVC.swift */ = {isa = PBXFileReference; fileEncoding = 4; lastKnownFileType = sourcecode.swift; path = SettingVC.swift; sourceTree = "<group>"; };
		1FF1C4EA1EAF2C4B005A87A9 /* MapVC.swift */ = {isa = PBXFileReference; fileEncoding = 4; lastKnownFileType = sourcecode.swift; path = MapVC.swift; sourceTree = "<group>"; };
		1FF1C4EC1EAF2C5E005A87A9 /* AttractionVC.swift */ = {isa = PBXFileReference; fileEncoding = 4; lastKnownFileType = sourcecode.swift; path = AttractionVC.swift; sourceTree = "<group>"; };
		1FF6CDF11EF12A8400367802 /* CustomPlanAttractionsOfAreaVC.swift */ = {isa = PBXFileReference; lastKnownFileType = sourcecode.swift; path = CustomPlanAttractionsOfAreaVC.swift; sourceTree = "<group>"; };
		1FF6CDF31EF1316D00367802 /* CustomPlanAttractionsOfAreaModel.swift */ = {isa = PBXFileReference; lastKnownFileType = sourcecode.swift; path = CustomPlanAttractionsOfAreaModel.swift; sourceTree = "<group>"; };
		1FF6CDF51EF1488400367802 /* CustomPlanAttractionsOfAreaCells.swift */ = {isa = PBXFileReference; lastKnownFileType = sourcecode.swift; path = CustomPlanAttractionsOfAreaCells.swift; sourceTree = "<group>"; };
		D0340C461EA98A0F00BD8428 /* disney.app */ = {isa = PBXFileReference; explicitFileType = wrapper.application; includeInIndex = 0; path = disney.app; sourceTree = BUILT_PRODUCTS_DIR; };
		D0340C5A1EA98A1000BD8428 /* disneyTests.xctest */ = {isa = PBXFileReference; explicitFileType = wrapper.cfbundle; includeInIndex = 0; path = disneyTests.xctest; sourceTree = BUILT_PRODUCTS_DIR; };
		D0340C5E1EA98A1000BD8428 /* DisneyTests.swift */ = {isa = PBXFileReference; lastKnownFileType = sourcecode.swift; path = DisneyTests.swift; sourceTree = "<group>"; };
		D0340C601EA98A1000BD8428 /* Info.plist */ = {isa = PBXFileReference; lastKnownFileType = text.plist.xml; path = Info.plist; sourceTree = "<group>"; };
		D0340C6C1EA98B5700BD8428 /* Cartfile */ = {isa = PBXFileReference; fileEncoding = 4; lastKnownFileType = text; path = Cartfile; sourceTree = SOURCE_ROOT; };
		D0340C6E1EA98B7200BD8428 /* AppDelegate.swift */ = {isa = PBXFileReference; fileEncoding = 4; lastKnownFileType = sourcecode.swift; path = AppDelegate.swift; sourceTree = "<group>"; };
		D0340C701EA98BA400BD8428 /* Info.plist */ = {isa = PBXFileReference; fileEncoding = 4; lastKnownFileType = text.plist.xml; path = Info.plist; sourceTree = "<group>"; };
		D0340C751EA98C8900BD8428 /* disney.entitlements */ = {isa = PBXFileReference; lastKnownFileType = text.plist.entitlements; path = disney.entitlements; sourceTree = "<group>"; };
		D0340C781EA98E2200BD8428 /* Assets.xcassets */ = {isa = PBXFileReference; lastKnownFileType = folder.assetcatalog; path = Assets.xcassets; sourceTree = "<group>"; };
		D0340C7D1EA98E4F00BD8428 /* LaunchScreen.storyboard */ = {isa = PBXFileReference; fileEncoding = 4; lastKnownFileType = file.storyboard; path = LaunchScreen.storyboard; sourceTree = "<group>"; };
/* End PBXFileReference section */

/* Begin PBXFrameworksBuildPhase section */
		D0340C431EA98A0F00BD8428 /* Frameworks */ = {
			isa = PBXFrameworksBuildPhase;
			buildActionMask = 2147483647;
			files = (
			);
			runOnlyForDeploymentPostprocessing = 0;
		};
		D0340C571EA98A1000BD8428 /* Frameworks */ = {
			isa = PBXFrameworksBuildPhase;
			buildActionMask = 2147483647;
			files = (
			);
			runOnlyForDeploymentPostprocessing = 0;
		};
/* End PBXFrameworksBuildPhase section */

/* Begin PBXGroup section */
		1F76343A1EB0656900509B38 /* Models */ = {
			isa = PBXGroup;
			children = (
				1FDF06C81EEE855F003B7580 /* CoreData */,
				1F76343E1EB07FB900509B38 /* Communication */,
			);
			path = Models;
			sourceTree = SOURCE_ROOT;
		};
		1F76343E1EB07FB900509B38 /* Communication */ = {
			isa = PBXGroup;
			children = (
				1F76343F1EB07FE100509B38 /* BaseModel.swift */,
			);
			path = Communication;
			sourceTree = "<group>";
		};
		1FA8112C1EADA871000A7F2D /* Homepage */ = {
			isa = PBXGroup;
			children = (
				1FA8112D1EADA8AA000A7F2D /* HomepageVC.swift */,
				1F7DFB831ECAF7C9004FA058 /* HomepageCells.swift */,
				1F7DFB811ECAEFE9004FA058 /* HomepageModels.swift */,
				1F7DFB851ECB2014004FA058 /* HomepageDetailVC.swift */,
				1F7DFB871ECB258A004FA058 /* HomepageDetailCells.swift */,
				1F13D09F1ED01C0000121C80 /* CustomPlanVC.swift */,
				1F836EDE1EE57D170019640E /* CustomPlanCell.swift */,
				1F25EFE21ED57B1F001A8470 /* CustomPlanMenu.swift */,
				1F24BE951ED81A2600E37727 /* CustomPlanCategoryVC.swift */,
				1F24BE971ED820E300E37727 /* CustomPlanModels.swift */,
				1F24BEA81ED82EF900E37727 /* CustomPlanCategoryCells.swift */,
				1F6D69A81EDBCBF300BEF4C2 /* CustomPlanAttractionsOfTagVC.swift */,
				1F6D69AA1EDC052B00BEF4C2 /* CustomPlanAttractionsOfTagCells.swift */,
				1FF6CDF11EF12A8400367802 /* CustomPlanAttractionsOfAreaVC.swift */,
				1FF6CDF31EF1316D00367802 /* CustomPlanAttractionsOfAreaModel.swift */,
				1FF6CDF51EF1488400367802 /* CustomPlanAttractionsOfAreaCells.swift */,
				1F8E2C9D1EF37A36004B439D /* CustomPlanAttractionsOfGradeVC.swift */,
				1F80EACC1EF3D20A002A8197 /* CustomPlanAttractionsOfGradeModel.swift */,
				1FAA019A1EF3884400B8FA7D /* CustomPlanAttractionsOfGradeCell.swift */,
				1F5BADCE1EF77D810074467A /* CustomPlanAttractionsOfCategoryVC.swift */,
				1FAA873B1F01238C00478E7D /* ImageBrowserController.swift */,
				1F4F73951F0344380009F4C1 /* PhotoSaveAssistant.swift */,
			);
			path = Homepage;
			sourceTree = "<group>";
		};
		1FC93F921EFA1F5F00FEB2F9 /* Styles */ = {
			isa = PBXGroup;
			children = (
				1FC93F931EFA1F6D00FEB2F9 /* DefaultStyle.swift */,
			);
			path = Styles;
			sourceTree = "<group>";
		};
		1FDF06C81EEE855F003B7580 /* CoreData */ = {
			isa = PBXGroup;
			children = (
				1F8444A51EEE9C9C008364FE /* CustomPlan.swift */,
				1F46F5DF1F06423900ABF913 /* SpecifiedPlan.swift */,
			);
			path = CoreData;
			sourceTree = "<group>";
		};
		1FF1C4E41EAF2A8C005A87A9 /* Attraction */ = {
			isa = PBXGroup;
			children = (
				1FF1C4EC1EAF2C5E005A87A9 /* AttractionVC.swift */,
				1F65594F1EC16C7A005BC235 /* AttractionModels.swift */,
				1F15362F1EB34ADF00831646 /* AttractionBriefCell.swift */,
				1F43F7AC1EC433E4009D0104 /* AttractionDetailVC.swift */,
				1F43F7AE1EC47253009D0104 /* AttractionDetailCell.swift */,
				1F18EB6E1EC6CFFF00FCB523 /* WaittimeChart.swift */,
			);
			path = Attraction;
			sourceTree = "<group>";
		};
		1FF1C4E51EAF2A9B005A87A9 /* Map */ = {
			isa = PBXGroup;
			children = (
				1FF1C4EA1EAF2C4B005A87A9 /* MapVC.swift */,
				1F1691A51F09F2C700433416 /* MapCells.swift */,
				1FCA03521F0B2675002D5336 /* MapAlertController.swift */,
			);
			path = Map;
			sourceTree = "<group>";
		};
		1FF1C4E61EAF2AA8005A87A9 /* Setting */ = {
			isa = PBXGroup;
			children = (
				1FF1C4E81EAF2C25005A87A9 /* SettingVC.swift */,
				1F7DFB7F1ECAE4CD004FA058 /* SettingCell.swift */,
				1F266CC91EFCDEF100FDA5CC /* SettingTagVC.swift */,
				1F266CCB1EFCF5B200FDA5CC /* SettingParkVC.swift */,
				1F89C29A1F00B59B00421FC0 /* SettingDateVC.swift */,
				1F53FB611F00BBD700871F5B /* SettingDateCells.swift */,
				1FCA03541F0B2C67002D5336 /* SettingFastpass.swift */,
			);
			path = Setting;
			sourceTree = "<group>";
		};
		1FF1C4E71EAF2BAB005A87A9 /* VisitorTag */ = {
			isa = PBXGroup;
			children = (
				1FA811331EADE1C2000A7F2D /* VisitorTagVC.swift */,
				1FA811351EADFE5C000A7F2D /* VisitorTagCell.swift */,
				1F6559511EC1CB4E005BC235 /* VisitorTagModels.swift */,
				1FA096B21EB1ED8600A26174 /* VisitparkPickVC.swift */,
				1FA096B51EB200D400A26174 /* VisitdatePickVC.swift */,
			);
			path = VisitorTag;
			sourceTree = "<group>";
		};
		D0340C3D1EA98A0F00BD8428 = {
			isa = PBXGroup;
			children = (
				D0340C781EA98E2200BD8428 /* Assets.xcassets */,
				1FC93F921EFA1F5F00FEB2F9 /* Styles */,
				D0340C5D1EA98A1000BD8428 /* disneyTests */,
				D0340C471EA98A0F00BD8428 /* Products */,
				D0340C691EA98A8900BD8428 /* SupportingFiles */,
				D0340C761EA98CFE00BD8428 /* Utils */,
				D0340C771EA98CFE00BD8428 /* ViewControllers */,
				1F76343A1EB0656900509B38 /* Models */,
			);
			sourceTree = "<group>";
		};
		D0340C471EA98A0F00BD8428 /* Products */ = {
			isa = PBXGroup;
			children = (
				D0340C461EA98A0F00BD8428 /* disney.app */,
				D0340C5A1EA98A1000BD8428 /* disneyTests.xctest */,
			);
			name = Products;
			sourceTree = "<group>";
		};
		D0340C5D1EA98A1000BD8428 /* disneyTests */ = {
			isa = PBXGroup;
			children = (
				D0340C5E1EA98A1000BD8428 /* DisneyTests.swift */,
				D0340C601EA98A1000BD8428 /* Info.plist */,
			);
			path = disneyTests;
			sourceTree = "<group>";
		};
		D0340C691EA98A8900BD8428 /* SupportingFiles */ = {
			isa = PBXGroup;
			children = (
				D0340C751EA98C8900BD8428 /* disney.entitlements */,
				D0340C701EA98BA400BD8428 /* Info.plist */,
				D0340C6E1EA98B7200BD8428 /* AppDelegate.swift */,
				D0340C6C1EA98B5700BD8428 /* Cartfile */,
				1FF1C4E01EAEF03C005A87A9 /* VisitorTag.strings */,
				1F7DFB7B1ECACA1C004FA058 /* Homepage.strings */,
				1F24C3F71EAF360A00953463 /* Main.strings */,
				1F059F721EC32F8C000162C1 /* Attraction.strings */,
				1F1AAA851ED53E9A00FB867B /* CustomPlan.strings */,
				1F5913431EFA70C0004F2FCD /* Setting.strings */,
				1F1691AB1F09F33100433416 /* Map.strings */,
				1FDF06C11EEE3CC1003B7580 /* DisneyModel.xcdatamodeld */,
			);
			path = SupportingFiles;
			sourceTree = "<group>";
		};
		D0340C761EA98CFE00BD8428 /* Utils */ = {
			isa = PBXGroup;
			children = (
				1F90DD0D1EB04919004463B9 /* API.swift */,
				1F6D19FF1EB0AC0800A9C70F /* Convienence.swift */,
				1FDF06C41EEE3D26003B7580 /* DataManager.swift */,
				1F6D1A011EB0BBFC00A9C70F /* Localize.swift */,
				1FA4E6B01ECC263900FFC7DA /* MaskedImageView.swift */,
				1F90DD0B1EB036DB004463B9 /* Network.swift */,
				1FA370B71EFE567E0002040B /* Preferences.swift */,
				1F1AAA8A1ED5643800FB867B /* RxExtension.swift */,
			);
			path = Utils;
			sourceTree = "<group>";
		};
		D0340C771EA98CFE00BD8428 /* ViewControllers */ = {
			isa = PBXGroup;
			children = (
				1FF1C4E41EAF2A8C005A87A9 /* Attraction */,
				1FA8112C1EADA871000A7F2D /* Homepage */,
				D0340C7B1EA98E4F00BD8428 /* LaunchScreen */,
				D0340C801EA98E4F00BD8428 /* Main */,
				1FF1C4E51EAF2A9B005A87A9 /* Map */,
				1FF1C4E61EAF2AA8005A87A9 /* Setting */,
				1FF1C4E71EAF2BAB005A87A9 /* VisitorTag */,
			);
			path = ViewControllers;
			sourceTree = "<group>";
		};
		D0340C7B1EA98E4F00BD8428 /* LaunchScreen */ = {
			isa = PBXGroup;
			children = (
				D0340C7C1EA98E4F00BD8428 /* Storyboard */,
				1FD1CF4B1ECD8C6B004A72B7 /* LaunchScreen.swift */,
			);
			path = LaunchScreen;
			sourceTree = "<group>";
		};
		D0340C7C1EA98E4F00BD8428 /* Storyboard */ = {
			isa = PBXGroup;
			children = (
				D0340C7D1EA98E4F00BD8428 /* LaunchScreen.storyboard */,
			);
			path = Storyboard;
			sourceTree = "<group>";
		};
		D0340C801EA98E4F00BD8428 /* Main */ = {
			isa = PBXGroup;
			children = (
				1FA8112F1EADA8BC000A7F2D /* Main.swift */,
			);
			path = Main;
			sourceTree = "<group>";
		};
/* End PBXGroup section */

/* Begin PBXNativeTarget section */
		D0340C451EA98A0F00BD8428 /* disney */ = {
			isa = PBXNativeTarget;
			buildConfigurationList = D0340C631EA98A1000BD8428 /* Build configuration list for PBXNativeTarget "disney" */;
			buildPhases = (
				D0340C421EA98A0F00BD8428 /* Sources */,
				D0340C431EA98A0F00BD8428 /* Frameworks */,
				D0340C441EA98A0F00BD8428 /* Resources */,
				D0340C901EA98FF200BD8428 /* ShellScript */,
			);
			buildRules = (
			);
			dependencies = (
			);
			name = disney;
			productName = disney;
			productReference = D0340C461EA98A0F00BD8428 /* disney.app */;
			productType = "com.apple.product-type.application";
		};
		D0340C591EA98A1000BD8428 /* disneyTests */ = {
			isa = PBXNativeTarget;
			buildConfigurationList = D0340C661EA98A1000BD8428 /* Build configuration list for PBXNativeTarget "disneyTests" */;
			buildPhases = (
				D0340C561EA98A1000BD8428 /* Sources */,
				D0340C571EA98A1000BD8428 /* Frameworks */,
				D0340C581EA98A1000BD8428 /* Resources */,
			);
			buildRules = (
			);
			dependencies = (
				D0340C5C1EA98A1000BD8428 /* PBXTargetDependency */,
			);
			name = disneyTests;
			productName = disneyTests;
			productReference = D0340C5A1EA98A1000BD8428 /* disneyTests.xctest */;
			productType = "com.apple.product-type.bundle.unit-test";
		};
/* End PBXNativeTarget section */

/* Begin PBXProject section */
		D0340C3E1EA98A0F00BD8428 /* Project object */ = {
			isa = PBXProject;
			attributes = {
				LastSwiftUpdateCheck = 0830;
				LastUpgradeCheck = 0830;
				ORGANIZATIONNAME = "e-business";
				TargetAttributes = {
					D0340C451EA98A0F00BD8428 = {
						CreatedOnToolsVersion = 8.3.2;
						DevelopmentTeam = 6P96PVYDRL;
						LastSwiftMigration = 0900;
						ProvisioningStyle = Automatic;
						SystemCapabilities = {
							com.apple.BackgroundModes = {
								enabled = 0;
							};
							com.apple.Keychain = {
								enabled = 0;
							};
							com.apple.Push = {
								enabled = 0;
							};
						};
					};
					D0340C591EA98A1000BD8428 = {
						CreatedOnToolsVersion = 8.3.2;
						DevelopmentTeam = 6P96PVYDRL;
						LastSwiftMigration = 0900;
						ProvisioningStyle = Automatic;
						TestTargetID = D0340C451EA98A0F00BD8428;
					};
				};
			};
			buildConfigurationList = D0340C411EA98A0F00BD8428 /* Build configuration list for PBXProject "disney" */;
			compatibilityVersion = "Xcode 3.2";
			developmentRegion = English;
			hasScannedForEncodings = 0;
			knownRegions = (
				en,
				"zh-Hans",
				"zh-Hant",
				ja,
			);
			mainGroup = D0340C3D1EA98A0F00BD8428;
			productRefGroup = D0340C471EA98A0F00BD8428 /* Products */;
			projectDirPath = "";
			projectRoot = "";
			targets = (
				D0340C451EA98A0F00BD8428 /* disney */,
				D0340C591EA98A1000BD8428 /* disneyTests */,
			);
		};
/* End PBXProject section */

/* Begin PBXResourcesBuildPhase section */
		D0340C441EA98A0F00BD8428 /* Resources */ = {
			isa = PBXResourcesBuildPhase;
			buildActionMask = 2147483647;
			files = (
				1F059F701EC32F8C000162C1 /* Attraction.strings in Resources */,
				D0340C791EA98E2200BD8428 /* Assets.xcassets in Resources */,
				1F7DFB791ECACA1C004FA058 /* Homepage.strings in Resources */,
				1F1AAA831ED53E9A00FB867B /* CustomPlan.strings in Resources */,
				1F5913411EFA70C0004F2FCD /* Setting.strings in Resources */,
				1F24C3F51EAF360A00953463 /* Main.strings in Resources */,
				D0340C8A1EA98E4F00BD8428 /* LaunchScreen.storyboard in Resources */,
				1FF1C4DE1EAEF03C005A87A9 /* VisitorTag.strings in Resources */,
				1F1691A91F09F33100433416 /* Map.strings in Resources */,
			);
			runOnlyForDeploymentPostprocessing = 0;
		};
		D0340C581EA98A1000BD8428 /* Resources */ = {
			isa = PBXResourcesBuildPhase;
			buildActionMask = 2147483647;
			files = (
			);
			runOnlyForDeploymentPostprocessing = 0;
		};
/* End PBXResourcesBuildPhase section */

/* Begin PBXShellScriptBuildPhase section */
		D0340C901EA98FF200BD8428 /* ShellScript */ = {
			isa = PBXShellScriptBuildPhase;
			buildActionMask = 2147483647;
			files = (
			);
			inputPaths = (
				"$(SRCROOT)/Carthage/Build/iOS/Alamofire.framework",
				"$(SRCROOT)/Carthage/Build/iOS/SwiftyJSON.framework",
				"$(SRCROOT)/Carthage/Build/iOS/AlamofireSwiftyJSON.framework",
				"$(SRCROOT)/Carthage/Build/iOS/RxCocoa.framework",
				"$(SRCROOT)/Carthage/Build/iOS/RxSwift.framework",
				"$(SRCROOT)/Carthage/Build/iOS/Kingfisher.framework",
			);
			outputPaths = (
			);
			runOnlyForDeploymentPostprocessing = 0;
			shellPath = /bin/sh;
			shellScript = "if which swiftlint >/dev/null; then\nswiftlint\nelse\necho \"warning: SwiftLint not installed, download from https://github.com/realm/SwiftLint\"\nfi\n\n/usr/local/bin/carthage copy-frameworks";
		};
/* End PBXShellScriptBuildPhase section */

/* Begin PBXSourcesBuildPhase section */
		D0340C421EA98A0F00BD8428 /* Sources */ = {
			isa = PBXSourcesBuildPhase;
			buildActionMask = 2147483647;
			files = (
				1FD1CF4C1ECD8C6B004A72B7 /* LaunchScreen.swift in Sources */,
				1F8444A61EEE9C9C008364FE /* CustomPlan.swift in Sources */,
				1FF6CDF41EF1316D00367802 /* CustomPlanAttractionsOfAreaModel.swift in Sources */,
				1FDF06C51EEE3D26003B7580 /* DataManager.swift in Sources */,
				1FF6CDF61EF1488400367802 /* CustomPlanAttractionsOfAreaCells.swift in Sources */,
				1F43F7AD1EC433E4009D0104 /* AttractionDetailVC.swift in Sources */,
				1F90DD0E1EB04919004463B9 /* API.swift in Sources */,
				1F266CCC1EFCF5B200FDA5CC /* SettingParkVC.swift in Sources */,
				1F8E2C9E1EF37A36004B439D /* CustomPlanAttractionsOfGradeVC.swift in Sources */,
				1F836EDF1EE57D170019640E /* CustomPlanCell.swift in Sources */,
				1F90DD0C1EB036DB004463B9 /* Network.swift in Sources */,
				1FA811301EADA8BC000A7F2D /* Main.swift in Sources */,
				1F53FB621F00BBD700871F5B /* SettingDateCells.swift in Sources */,
				1F80EACD1EF3D20A002A8197 /* CustomPlanAttractionsOfGradeModel.swift in Sources */,
				1F7DFB801ECAE4CD004FA058 /* SettingCell.swift in Sources */,
				1FF1C4E91EAF2C25005A87A9 /* SettingVC.swift in Sources */,
				1FF6CDF21EF12A8400367802 /* CustomPlanAttractionsOfAreaVC.swift in Sources */,
				1F43F7AF1EC47253009D0104 /* AttractionDetailCell.swift in Sources */,
				D0340C6F1EA98B7200BD8428 /* AppDelegate.swift in Sources */,
				1F6D1A001EB0AC0800A9C70F /* Convienence.swift in Sources */,
				1F13D0A01ED01C0000121C80 /* CustomPlanVC.swift in Sources */,
				1FC93F941EFA1F6D00FEB2F9 /* DefaultStyle.swift in Sources */,
				1FA096B61EB200D400A26174 /* VisitdatePickVC.swift in Sources */,
				1F7634401EB07FE100509B38 /* BaseModel.swift in Sources */,
				1FA370B81EFE567E0002040B /* Preferences.swift in Sources */,
				1FA811361EADFE5C000A7F2D /* VisitorTagCell.swift in Sources */,
				1FF1C4EB1EAF2C4B005A87A9 /* MapVC.swift in Sources */,
				1FF1C4ED1EAF2C5E005A87A9 /* AttractionVC.swift in Sources */,
				1F7DFB881ECB258A004FA058 /* HomepageDetailCells.swift in Sources */,
				1F7DFB861ECB2014004FA058 /* HomepageDetailVC.swift in Sources */,
				1F24BE961ED81A2600E37727 /* CustomPlanCategoryVC.swift in Sources */,
				1F6559521EC1CB4E005BC235 /* VisitorTagModels.swift in Sources */,
				1F1AAA8B1ED5643800FB867B /* RxExtension.swift in Sources */,
				1F7DFB821ECAEFE9004FA058 /* HomepageModels.swift in Sources */,
				1F4F73961F0344380009F4C1 /* PhotoSaveAssistant.swift in Sources */,
				1FCA03531F0B2675002D5336 /* MapAlertController.swift in Sources */,
				1FDF06C31EEE3CC1003B7580 /* DisneyModel.xcdatamodeld in Sources */,
				1F6D1A021EB0BBFC00A9C70F /* Localize.swift in Sources */,
				1F46F5E01F06423900ABF913 /* SpecifiedPlan.swift in Sources */,
				1FA096B31EB1ED8600A26174 /* VisitparkPickVC.swift in Sources */,
				1F5BADCF1EF77D810074467A /* CustomPlanAttractionsOfCategoryVC.swift in Sources */,
				1F1536301EB34ADF00831646 /* AttractionBriefCell.swift in Sources */,
				1FA4E6B11ECC263900FFC7DA /* MaskedImageView.swift in Sources */,
				1FAA019B1EF3884400B8FA7D /* CustomPlanAttractionsOfGradeCell.swift in Sources */,
				1F1691A61F09F2F200433416 /* MapCells.swift in Sources */,
				1F25EFE31ED57B1F001A8470 /* CustomPlanMenu.swift in Sources */,
				1FA811341EADE1C2000A7F2D /* VisitorTagVC.swift in Sources */,
				1FA8112E1EADA8AA000A7F2D /* HomepageVC.swift in Sources */,
				1F89C29B1F00B59B00421FC0 /* SettingDateVC.swift in Sources */,
				1F266CCA1EFCDEF100FDA5CC /* SettingTagVC.swift in Sources */,
				1F18EB6F1EC6CFFF00FCB523 /* WaittimeChart.swift in Sources */,
				1F6559501EC16C7A005BC235 /* AttractionModels.swift in Sources */,
				1FCA03551F0B2C67002D5336 /* SettingFastpass.swift in Sources */,
				1F7DFB841ECAF7C9004FA058 /* HomepageCells.swift in Sources */,
				1F24BE981ED820E300E37727 /* CustomPlanModels.swift in Sources */,
				1FAA873C1F01238C00478E7D /* ImageBrowserController.swift in Sources */,
				1F6D69A91EDBCBF300BEF4C2 /* CustomPlanAttractionsOfTagVC.swift in Sources */,
				1F6D69AB1EDC052B00BEF4C2 /* CustomPlanAttractionsOfTagCells.swift in Sources */,
				1F24BEA91ED82EF900E37727 /* CustomPlanCategoryCells.swift in Sources */,
			);
			runOnlyForDeploymentPostprocessing = 0;
		};
		D0340C561EA98A1000BD8428 /* Sources */ = {
			isa = PBXSourcesBuildPhase;
			buildActionMask = 2147483647;
			files = (
				D0340C5F1EA98A1000BD8428 /* DisneyTests.swift in Sources */,
			);
			runOnlyForDeploymentPostprocessing = 0;
		};
/* End PBXSourcesBuildPhase section */

/* Begin PBXTargetDependency section */
		D0340C5C1EA98A1000BD8428 /* PBXTargetDependency */ = {
			isa = PBXTargetDependency;
			target = D0340C451EA98A0F00BD8428 /* disney */;
			targetProxy = D0340C5B1EA98A1000BD8428 /* PBXContainerItemProxy */;
		};
/* End PBXTargetDependency section */

/* Begin PBXVariantGroup section */
		1F059F721EC32F8C000162C1 /* Attraction.strings */ = {
			isa = PBXVariantGroup;
			children = (
				1F059F731EC32F90000162C1 /* zh-Hans */,
				1F059F741EC32F92000162C1 /* zh-Hant */,
				1F059F751EC32F92000162C1 /* ja */,
				1F5913481EFA7240004F2FCD /* en */,
			);
			name = Attraction.strings;
			sourceTree = "<group>";
		};
		1F1691AB1F09F33100433416 /* Map.strings */ = {
			isa = PBXVariantGroup;
			children = (
				1F1691AA1F09F33100433416 /* en */,
				1F1691AC1F09F33300433416 /* zh-Hans */,
				1F1691AD1F09F33400433416 /* zh-Hant */,
				1F1691AE1F09F33500433416 /* ja */,
			);
			name = Map.strings;
			sourceTree = "<group>";
		};
		1F1AAA851ED53E9A00FB867B /* CustomPlan.strings */ = {
			isa = PBXVariantGroup;
			children = (
				1F1AAA861ED53E9D00FB867B /* zh-Hans */,
				1F1AAA871ED53E9E00FB867B /* zh-Hant */,
				1F1AAA881ED53E9E00FB867B /* ja */,
				1F5913471EFA723A004F2FCD /* en */,
			);
			name = CustomPlan.strings;
			sourceTree = "<group>";
		};
		1F24C3F71EAF360A00953463 /* Main.strings */ = {
			isa = PBXVariantGroup;
			children = (
				1F24C3F81EAF360C00953463 /* zh-Hans */,
				1F24C3F91EAF360C00953463 /* zh-Hant */,
				1F24C3FA1EAF360D00953463 /* ja */,
				1F5913491EFB682E004F2FCD /* en */,
			);
			name = Main.strings;
			sourceTree = "<group>";
		};
		1F5913431EFA70C0004F2FCD /* Setting.strings */ = {
			isa = PBXVariantGroup;
			children = (
				1F5913421EFA70C0004F2FCD /* zh-Hans */,
				1F5913441EFA70C3004F2FCD /* zh-Hant */,
				1F5913451EFA70C4004F2FCD /* ja */,
				1F5913461EFA7228004F2FCD /* en */,
			);
			name = Setting.strings;
			sourceTree = "<group>";
		};
		1F7DFB7B1ECACA1C004FA058 /* Homepage.strings */ = {
			isa = PBXVariantGroup;
			children = (
				1F7DFB7C1ECACA1E004FA058 /* zh-Hans */,
				1F7DFB7D1ECACA1E004FA058 /* zh-Hant */,
				1F7DFB7E1ECACA1F004FA058 /* ja */,
				1F59134A1EFB6831004F2FCD /* en */,
			);
			name = Homepage.strings;
			sourceTree = "<group>";
		};
		1FF1C4E01EAEF03C005A87A9 /* VisitorTag.strings */ = {
			isa = PBXVariantGroup;
			children = (
				1FF1C4E11EAEF042005A87A9 /* zh-Hans */,
				1FF1C4E21EAEF047005A87A9 /* zh-Hant */,
				1FF1C4E31EAEF048005A87A9 /* ja */,
				1F59134B1EFB6833004F2FCD /* en */,
			);
			name = VisitorTag.strings;
			sourceTree = "<group>";
		};
/* End PBXVariantGroup section */

/* Begin XCBuildConfiguration section */
		D0340C611EA98A1000BD8428 /* Debug */ = {
			isa = XCBuildConfiguration;
			buildSettings = {
				ALWAYS_SEARCH_USER_PATHS = NO;
				CLANG_ANALYZER_LOCALIZABILITY_NONLOCALIZED = YES;
				CLANG_ANALYZER_NONNULL = YES;
				CLANG_ANALYZER_NUMBER_OBJECT_CONVERSION = YES_AGGRESSIVE;
				CLANG_CXX_LANGUAGE_STANDARD = "gnu++0x";
				CLANG_CXX_LIBRARY = "libc++";
				CLANG_ENABLE_MODULES = YES;
				CLANG_ENABLE_OBJC_ARC = YES;
				CLANG_WARN_BOOL_CONVERSION = YES;
				CLANG_WARN_CONSTANT_CONVERSION = YES;
				CLANG_WARN_DIRECT_OBJC_ISA_USAGE = YES_ERROR;
				CLANG_WARN_DOCUMENTATION_COMMENTS = YES;
				CLANG_WARN_EMPTY_BODY = YES;
				CLANG_WARN_ENUM_CONVERSION = YES;
				CLANG_WARN_INFINITE_RECURSION = YES;
				CLANG_WARN_INT_CONVERSION = YES;
				CLANG_WARN_OBJC_ROOT_CLASS = YES_ERROR;
				CLANG_WARN_SUSPICIOUS_MOVE = YES;
				CLANG_WARN_UNREACHABLE_CODE = YES;
				CLANG_WARN__DUPLICATE_METHOD_MATCH = YES;
				"CODE_SIGN_IDENTITY[sdk=iphoneos*]" = "iPhone Developer";
				COPY_PHASE_STRIP = NO;
				DEBUG_INFORMATION_FORMAT = dwarf;
				ENABLE_STRICT_OBJC_MSGSEND = YES;
				ENABLE_TESTABILITY = YES;
				FRAMEWORK_SEARCH_PATHS = "$(PROJECT_DIR)/Carthage/Build/iOS";
				GCC_C_LANGUAGE_STANDARD = gnu99;
				GCC_DYNAMIC_NO_PIC = NO;
				GCC_NO_COMMON_BLOCKS = YES;
				GCC_OPTIMIZATION_LEVEL = 0;
				GCC_PREPROCESSOR_DEFINITIONS = (
					"DEBUG=1",
					"$(inherited)",
				);
				GCC_WARN_64_TO_32_BIT_CONVERSION = YES;
				GCC_WARN_ABOUT_RETURN_TYPE = YES_ERROR;
				GCC_WARN_UNDECLARED_SELECTOR = YES;
				GCC_WARN_UNINITIALIZED_AUTOS = YES_AGGRESSIVE;
				GCC_WARN_UNUSED_FUNCTION = YES;
				GCC_WARN_UNUSED_VARIABLE = YES;
				IPHONEOS_DEPLOYMENT_TARGET = 9.0;
				MTL_ENABLE_DEBUG_INFO = YES;
				ONLY_ACTIVE_ARCH = YES;
				SDKROOT = iphoneos;
				SWIFT_ACTIVE_COMPILATION_CONDITIONS = DEBUG;
				SWIFT_OPTIMIZATION_LEVEL = "-Onone";
				SWIFT_SWIFT3_OBJC_INFERENCE = Off;
				TARGETED_DEVICE_FAMILY = "1,2";
			};
			name = Debug;
		};
		D0340C621EA98A1000BD8428 /* Release */ = {
			isa = XCBuildConfiguration;
			buildSettings = {
				ALWAYS_SEARCH_USER_PATHS = NO;
				CLANG_ANALYZER_LOCALIZABILITY_NONLOCALIZED = YES;
				CLANG_ANALYZER_NONNULL = YES;
				CLANG_ANALYZER_NUMBER_OBJECT_CONVERSION = YES_AGGRESSIVE;
				CLANG_CXX_LANGUAGE_STANDARD = "gnu++0x";
				CLANG_CXX_LIBRARY = "libc++";
				CLANG_ENABLE_MODULES = YES;
				CLANG_ENABLE_OBJC_ARC = YES;
				CLANG_WARN_BOOL_CONVERSION = YES;
				CLANG_WARN_CONSTANT_CONVERSION = YES;
				CLANG_WARN_DIRECT_OBJC_ISA_USAGE = YES_ERROR;
				CLANG_WARN_DOCUMENTATION_COMMENTS = YES;
				CLANG_WARN_EMPTY_BODY = YES;
				CLANG_WARN_ENUM_CONVERSION = YES;
				CLANG_WARN_INFINITE_RECURSION = YES;
				CLANG_WARN_INT_CONVERSION = YES;
				CLANG_WARN_OBJC_ROOT_CLASS = YES_ERROR;
				CLANG_WARN_SUSPICIOUS_MOVE = YES;
				CLANG_WARN_UNREACHABLE_CODE = YES;
				CLANG_WARN__DUPLICATE_METHOD_MATCH = YES;
				"CODE_SIGN_IDENTITY[sdk=iphoneos*]" = "iPhone Developer";
				COPY_PHASE_STRIP = NO;
				DEBUG_INFORMATION_FORMAT = "dwarf-with-dsym";
				ENABLE_NS_ASSERTIONS = NO;
				ENABLE_STRICT_OBJC_MSGSEND = YES;
				FRAMEWORK_SEARCH_PATHS = "$(PROJECT_DIR)/Carthage/Build/iOS";
				GCC_C_LANGUAGE_STANDARD = gnu99;
				GCC_NO_COMMON_BLOCKS = YES;
				GCC_WARN_64_TO_32_BIT_CONVERSION = YES;
				GCC_WARN_ABOUT_RETURN_TYPE = YES_ERROR;
				GCC_WARN_UNDECLARED_SELECTOR = YES;
				GCC_WARN_UNINITIALIZED_AUTOS = YES_AGGRESSIVE;
				GCC_WARN_UNUSED_FUNCTION = YES;
				GCC_WARN_UNUSED_VARIABLE = YES;
				IPHONEOS_DEPLOYMENT_TARGET = 9.0;
				MTL_ENABLE_DEBUG_INFO = NO;
				SDKROOT = iphoneos;
				SWIFT_OPTIMIZATION_LEVEL = "-Owholemodule";
				SWIFT_SWIFT3_OBJC_INFERENCE = Off;
				TARGETED_DEVICE_FAMILY = "1,2";
				VALIDATE_PRODUCT = YES;
			};
			name = Release;
		};
		D0340C641EA98A1000BD8428 /* Debug */ = {
			isa = XCBuildConfiguration;
			buildSettings = {
				ASSETCATALOG_COMPILER_APPICON_NAME = AppIcon;
				DEVELOPMENT_TEAM = 6P96PVYDRL;
				FRAMEWORK_SEARCH_PATHS = "$(PROJECT_DIR)/Carthage/Build/iOS";
				INFOPLIST_FILE = "$(SRCROOT)/SupportingFiles/Info.plist";
				LD_RUNPATH_SEARCH_PATHS = "$(inherited) @executable_path/Frameworks";
				OTHER_LDFLAGS = "";
				PRODUCT_BUNDLE_IDENTIFIER = "jp.co.e-business.disney";
				PRODUCT_NAME = "$(TARGET_NAME)";
				SWIFT_SWIFT3_OBJC_INFERENCE = Off;
				SWIFT_VERSION = 4.0;
				TARGETED_DEVICE_FAMILY = 1;
			};
			name = Debug;
		};
		D0340C651EA98A1000BD8428 /* Release */ = {
			isa = XCBuildConfiguration;
			buildSettings = {
				ASSETCATALOG_COMPILER_APPICON_NAME = AppIcon;
				DEVELOPMENT_TEAM = 6P96PVYDRL;
				INFOPLIST_FILE = "$(SRCROOT)/SupportingFiles/Info.plist";
				LD_RUNPATH_SEARCH_PATHS = "$(inherited) @executable_path/Frameworks";
				PRODUCT_BUNDLE_IDENTIFIER = "jp.co.e-business.disney";
				PRODUCT_NAME = "$(TARGET_NAME)";
				SWIFT_SWIFT3_OBJC_INFERENCE = Off;
				SWIFT_VERSION = 4.0;
				TARGETED_DEVICE_FAMILY = 1;
			};
			name = Release;
		};
		D0340C671EA98A1000BD8428 /* Debug */ = {
			isa = XCBuildConfiguration;
			buildSettings = {
				ALWAYS_EMBED_SWIFT_STANDARD_LIBRARIES = YES;
				BUNDLE_LOADER = "$(TEST_HOST)";
				DEVELOPMENT_TEAM = 6P96PVYDRL;
				INFOPLIST_FILE = disneyTests/Info.plist;
				LD_RUNPATH_SEARCH_PATHS = "$(inherited) @executable_path/Frameworks @loader_path/Frameworks";
				PRODUCT_BUNDLE_IDENTIFIER = "jp.co.e-business.disneyTests";
				PRODUCT_NAME = "$(TARGET_NAME)";
				SWIFT_SWIFT3_OBJC_INFERENCE = Off;
				SWIFT_VERSION = 4.0;
				TEST_HOST = "$(BUILT_PRODUCTS_DIR)/disney.app/disney";
			};
			name = Debug;
		};
		D0340C681EA98A1000BD8428 /* Release */ = {
			isa = XCBuildConfiguration;
			buildSettings = {
				ALWAYS_EMBED_SWIFT_STANDARD_LIBRARIES = YES;
				BUNDLE_LOADER = "$(TEST_HOST)";
				DEVELOPMENT_TEAM = 6P96PVYDRL;
				INFOPLIST_FILE = disneyTests/Info.plist;
				LD_RUNPATH_SEARCH_PATHS = "$(inherited) @executable_path/Frameworks @loader_path/Frameworks";
				PRODUCT_BUNDLE_IDENTIFIER = "jp.co.e-business.disneyTests";
				PRODUCT_NAME = "$(TARGET_NAME)";
				SWIFT_SWIFT3_OBJC_INFERENCE = Off;
				SWIFT_VERSION = 4.0;
				TEST_HOST = "$(BUILT_PRODUCTS_DIR)/disney.app/disney";
			};
			name = Release;
		};
/* End XCBuildConfiguration section */

/* Begin XCConfigurationList section */
		D0340C411EA98A0F00BD8428 /* Build configuration list for PBXProject "disney" */ = {
			isa = XCConfigurationList;
			buildConfigurations = (
				D0340C611EA98A1000BD8428 /* Debug */,
				D0340C621EA98A1000BD8428 /* Release */,
			);
			defaultConfigurationIsVisible = 0;
			defaultConfigurationName = Release;
		};
		D0340C631EA98A1000BD8428 /* Build configuration list for PBXNativeTarget "disney" */ = {
			isa = XCConfigurationList;
			buildConfigurations = (
				D0340C641EA98A1000BD8428 /* Debug */,
				D0340C651EA98A1000BD8428 /* Release */,
			);
			defaultConfigurationIsVisible = 0;
			defaultConfigurationName = Release;
		};
		D0340C661EA98A1000BD8428 /* Build configuration list for PBXNativeTarget "disneyTests" */ = {
			isa = XCConfigurationList;
			buildConfigurations = (
				D0340C671EA98A1000BD8428 /* Debug */,
				D0340C681EA98A1000BD8428 /* Release */,
			);
			defaultConfigurationIsVisible = 0;
			defaultConfigurationName = Release;
		};
/* End XCConfigurationList section */

/* Begin XCVersionGroup section */
		1FDF06C11EEE3CC1003B7580 /* DisneyModel.xcdatamodeld */ = {
			isa = XCVersionGroup;
			children = (
				1FDF06C21EEE3CC1003B7580 /* DisneyModel.xcdatamodel */,
			);
			currentVersion = 1FDF06C21EEE3CC1003B7580 /* DisneyModel.xcdatamodel */;
			path = DisneyModel.xcdatamodeld;
			sourceTree = "<group>";
			versionGroupType = wrapper.xcdatamodel;
		};
/* End XCVersionGroup section */
	};
	rootObject = D0340C3E1EA98A0F00BD8428 /* Project object */;
}
